
Microsoft Visual Studio Solution File, Format Version 12.00
# Visual Studio 2012
Project("{FAE04EC0-301F-11D3-BF4B-00C04F79EFBC}") = "NoughtsAndCrosses.Web", "NoughtsAndCrosses.Web\NoughtsAndCrosses.Web.csproj", "{AD38CE4D-2A77-4560-91DA-BF6CF55D892D}"
EndProject
Project("{FAE04EC0-301F-11D3-BF4B-00C04F79EFBC}") = "NoughtsAndCrosses.Core", "NoughtsAndCrosses.Core\NoughtsAndCrosses.Core.csproj", "{81654037-37CC-468E-9B81-3AB38C3CFD41}"
EndProject
Global
	GlobalSection(SolutionConfigurationPlatforms) = preSolution
		Debug|Any CPU = Debug|Any CPU
		Release|Any CPU = Release|Any CPU
	EndGlobalSection
	GlobalSection(ProjectConfigurationPlatforms) = postSolution
		{AD38CE4D-2A77-4560-91DA-BF6CF55D892D}.Debug|Any CPU.ActiveCfg = Debug|Any CPU
		{AD38CE4D-2A77-4560-91DA-BF6CF55D892D}.Debug|Any CPU.Build.0 = Debug|Any CPU
		{AD38CE4D-2A77-4560-91DA-BF6CF55D892D}.Release|Any CPU.ActiveCfg = Release|Any CPU
		{AD38CE4D-2A77-4560-91DA-BF6CF55D892D}.Release|Any CPU.Build.0 = Release|Any CPU
		{81654037-37CC-468E-9B81-3AB38C3CFD41}.Debug|Any CPU.ActiveCfg = Debug|Any CPU
		{81654037-37CC-468E-9B81-3AB38C3CFD41}.Debug|Any CPU.Build.0 = Debug|Any CPU
		{81654037-37CC-468E-9B81-3AB38C3CFD41}.Release|Any CPU.ActiveCfg = Release|Any CPU
		{81654037-37CC-468E-9B81-3AB38C3CFD41}.Release|Any CPU.Build.0 = Release|Any CPU
	EndGlobalSection
	GlobalSection(SolutionProperties) = preSolution
		HideSolutionNode = FALSE
	EndGlobalSection
EndGlobal
